
Microsoft Visual Studio Solution File, Format Version 12.00
# Visual Studio Version 17
VisualStudioVersion = 17.5.33516.290
MinimumVisualStudioVersion = 10.0.40219.1
Project("{FAE04EC0-301F-11D3-BF4B-00C04F79EFBC}") = "Client", "Client\Client.csproj", "{5F4633D9-93A7-4932-A00F-1A9763B73A89}"
EndProject
Project("{FAE04EC0-301F-11D3-BF4B-00C04F79EFBC}") = "ClassLibrary", "ClassLibrary\ClassLibrary.csproj", "{7141F8EA-33A9-47BA-88EB-8CC044780E9E}"
EndProject
Project("{FAE04EC0-301F-11D3-BF4B-00C04F79EFBC}") = "Server", "Server\Server.csproj", "{FD8F2938-120E-4BAE-B22D-E4BF52B86106}"
EndProject
Global
	GlobalSection(SolutionConfigurationPlatforms) = preSolution
		Debug|Any CPU = Debug|Any CPU
		Release|Any CPU = Release|Any CPU
	EndGlobalSection
	GlobalSection(ProjectConfigurationPlatforms) = postSolution
		{5F4633D9-93A7-4932-A00F-1A9763B73A89}.Debug|Any CPU.ActiveCfg = Debug|Any CPU
		{5F4633D9-93A7-4932-A00F-1A9763B73A89}.Debug|Any CPU.Build.0 = Debug|Any CPU
		{5F4633D9-93A7-4932-A00F-1A9763B73A89}.Release|Any CPU.ActiveCfg = Release|Any CPU
		{5F4633D9-93A7-4932-A00F-1A9763B73A89}.Release|Any CPU.Build.0 = Release|Any CPU
		{7141F8EA-33A9-47BA-88EB-8CC044780E9E}.Debug|Any CPU.ActiveCfg = Debug|Any CPU
		{7141F8EA-33A9-47BA-88EB-8CC044780E9E}.Debug|Any CPU.Build.0 = Debug|Any CPU
		{7141F8EA-33A9-47BA-88EB-8CC044780E9E}.Release|Any CPU.ActiveCfg = Release|Any CPU
		{7141F8EA-33A9-47BA-88EB-8CC044780E9E}.Release|Any CPU.Build.0 = Release|Any CPU
		{FD8F2938-120E-4BAE-B22D-E4BF52B86106}.Debug|Any CPU.ActiveCfg = Debug|Any CPU
		{FD8F2938-120E-4BAE-B22D-E4BF52B86106}.Debug|Any CPU.Build.0 = Debug|Any CPU
		{FD8F2938-120E-4BAE-B22D-E4BF52B86106}.Release|Any CPU.ActiveCfg = Release|Any CPU
		{FD8F2938-120E-4BAE-B22D-E4BF52B86106}.Release|Any CPU.Build.0 = Release|Any CPU
	EndGlobalSection
	GlobalSection(SolutionProperties) = preSolution
		HideSolutionNode = FALSE
	EndGlobalSection
	GlobalSection(ExtensibilityGlobals) = postSolution
		SolutionGuid = {F7B0E821-66AE-4F72-9930-BEAADC1FB1BF}
	EndGlobalSection
EndGlobal
