
Microsoft Visual Studio Solution File, Format Version 12.00
# Visual Studio Version 17
VisualStudioVersion = 17.5.33516.290
MinimumVisualStudioVersion = 10.0.40219.1
Project("{9A19103F-16F7-4668-BE54-9A1E7A4F7556}") = "FileAnalyser", "FileAnalyser.csproj", "{A04FA8D9-4F54-41BA-9401-103384DEB3DB}"
EndProject
Global
	GlobalSection(SolutionConfigurationPlatforms) = preSolution
		Debug|Any CPU = Debug|Any CPU
		Release|Any CPU = Release|Any CPU
	EndGlobalSection
	GlobalSection(ProjectConfigurationPlatforms) = postSolution
		{A04FA8D9-4F54-41BA-9401-103384DEB3DB}.Debug|Any CPU.ActiveCfg = Debug|Any CPU
		{A04FA8D9-4F54-41BA-9401-103384DEB3DB}.Debug|Any CPU.Build.0 = Debug|Any CPU
		{A04FA8D9-4F54-41BA-9401-103384DEB3DB}.Release|Any CPU.ActiveCfg = Release|Any CPU
		{A04FA8D9-4F54-41BA-9401-103384DEB3DB}.Release|Any CPU.Build.0 = Release|Any CPU
	EndGlobalSection
	GlobalSection(SolutionProperties) = preSolution
		HideSolutionNode = FALSE
	EndGlobalSection
	GlobalSection(ExtensibilityGlobals) = postSolution
		SolutionGuid = {1D088117-4F09-403F-AE1B-A416C5A8E60B}
	EndGlobalSection
EndGlobal
