
Microsoft Visual Studio Solution File, Format Version 12.00
# Visual Studio Version 17
VisualStudioVersion = 17.3.32922.545
MinimumVisualStudioVersion = 10.0.40219.1
Project("{9A19103F-16F7-4668-BE54-9A1E7A4F7556}") = "sales", "sales.csproj", "{1FF8AE69-8BE7-4979-A24D-C7C076BE7EF2}"
EndProject
Global
	GlobalSection(SolutionConfigurationPlatforms) = preSolution
		Debug|Any CPU = Debug|Any CPU
		Release|Any CPU = Release|Any CPU
	EndGlobalSection
	GlobalSection(ProjectConfigurationPlatforms) = postSolution
		{1FF8AE69-8BE7-4979-A24D-C7C076BE7EF2}.Debug|Any CPU.ActiveCfg = Debug|Any CPU
		{1FF8AE69-8BE7-4979-A24D-C7C076BE7EF2}.Debug|Any CPU.Build.0 = Debug|Any CPU
		{1FF8AE69-8BE7-4979-A24D-C7C076BE7EF2}.Release|Any CPU.ActiveCfg = Release|Any CPU
		{1FF8AE69-8BE7-4979-A24D-C7C076BE7EF2}.Release|Any CPU.Build.0 = Release|Any CPU
	EndGlobalSection
	GlobalSection(SolutionProperties) = preSolution
		HideSolutionNode = FALSE
	EndGlobalSection
	GlobalSection(ExtensibilityGlobals) = postSolution
		SolutionGuid = {644A2B52-2118-41B5-87F7-65FA1B1253E2}
	EndGlobalSection
EndGlobal
