
Microsoft Visual Studio Solution File, Format Version 12.00
# Visual Studio Version 17
VisualStudioVersion = 17.3.32922.545
MinimumVisualStudioVersion = 10.0.40219.1
Project("{9A19103F-16F7-4668-BE54-9A1E7A4F7556}") = "car_list", "car_list.csproj", "{9E598530-37B0-4111-B60F-F99B9DFC6E62}"
EndProject
Project("{FAE04EC0-301F-11D3-BF4B-00C04F79EFBC}") = "JSON", "..\..\CSHARP\JSON\JSON.csproj", "{6DE4C4CA-5964-44D6-AE30-A277D1D1A906}"
EndProject
Global
	GlobalSection(SolutionConfigurationPlatforms) = preSolution
		Debug|Any CPU = Debug|Any CPU
		Release|Any CPU = Release|Any CPU
	EndGlobalSection
	GlobalSection(ProjectConfigurationPlatforms) = postSolution
		{9E598530-37B0-4111-B60F-F99B9DFC6E62}.Debug|Any CPU.ActiveCfg = Debug|Any CPU
		{9E598530-37B0-4111-B60F-F99B9DFC6E62}.Debug|Any CPU.Build.0 = Debug|Any CPU
		{9E598530-37B0-4111-B60F-F99B9DFC6E62}.Release|Any CPU.ActiveCfg = Release|Any CPU
		{9E598530-37B0-4111-B60F-F99B9DFC6E62}.Release|Any CPU.Build.0 = Release|Any CPU
		{6DE4C4CA-5964-44D6-AE30-A277D1D1A906}.Debug|Any CPU.ActiveCfg = Debug|Any CPU
		{6DE4C4CA-5964-44D6-AE30-A277D1D1A906}.Debug|Any CPU.Build.0 = Debug|Any CPU
		{6DE4C4CA-5964-44D6-AE30-A277D1D1A906}.Release|Any CPU.ActiveCfg = Release|Any CPU
		{6DE4C4CA-5964-44D6-AE30-A277D1D1A906}.Release|Any CPU.Build.0 = Release|Any CPU
	EndGlobalSection
	GlobalSection(SolutionProperties) = preSolution
		HideSolutionNode = FALSE
	EndGlobalSection
	GlobalSection(ExtensibilityGlobals) = postSolution
		SolutionGuid = {F7DA53D4-E9D4-4848-B9A8-207A667D4E6F}
	EndGlobalSection
EndGlobal
