
Microsoft Visual Studio Solution File, Format Version 12.00
# Visual Studio Version 16
VisualStudioVersion = 16.0.31702.278
MinimumVisualStudioVersion = 10.0.40219.1
Project("{FAE04EC0-301F-11D3-BF4B-00C04F79EFBC}") = "shop_forms", "shop_forms\shop_forms.csproj", "{4BAF92B8-15A0-4B04-9806-6174D4687B14}"
EndProject
Global
	GlobalSection(SolutionConfigurationPlatforms) = preSolution
		Debug|Any CPU = Debug|Any CPU
		Release|Any CPU = Release|Any CPU
	EndGlobalSection
	GlobalSection(ProjectConfigurationPlatforms) = postSolution
		{4BAF92B8-15A0-4B04-9806-6174D4687B14}.Debug|Any CPU.ActiveCfg = Debug|Any CPU
		{4BAF92B8-15A0-4B04-9806-6174D4687B14}.Debug|Any CPU.Build.0 = Debug|Any CPU
		{4BAF92B8-15A0-4B04-9806-6174D4687B14}.Release|Any CPU.ActiveCfg = Release|Any CPU
		{4BAF92B8-15A0-4B04-9806-6174D4687B14}.Release|Any CPU.Build.0 = Release|Any CPU
	EndGlobalSection
	GlobalSection(SolutionProperties) = preSolution
		HideSolutionNode = FALSE
	EndGlobalSection
	GlobalSection(ExtensibilityGlobals) = postSolution
		SolutionGuid = {0F511C84-1238-406C-84B6-B407A6E0076D}
	EndGlobalSection
EndGlobal
