
Microsoft Visual Studio Solution File, Format Version 12.00
# Visual Studio Version 17
VisualStudioVersion = 17.5.33516.290
MinimumVisualStudioVersion = 10.0.40219.1
Project("{9A19103F-16F7-4668-BE54-9A1E7A4F7556}") = "OLX", "OLX.csproj", "{CEFE0F6D-5946-419A-8E74-4AC9E9B9AE21}"
EndProject
Project("{FAE04EC0-301F-11D3-BF4B-00C04F79EFBC}") = "DataAccess", "..\DataAccess\DataAccess.csproj", "{FFCE6FEC-9541-40CF-B515-6B635E904A36}"
EndProject
Global
	GlobalSection(SolutionConfigurationPlatforms) = preSolution
		Debug|Any CPU = Debug|Any CPU
		Release|Any CPU = Release|Any CPU
	EndGlobalSection
	GlobalSection(ProjectConfigurationPlatforms) = postSolution
		{CEFE0F6D-5946-419A-8E74-4AC9E9B9AE21}.Debug|Any CPU.ActiveCfg = Debug|Any CPU
		{CEFE0F6D-5946-419A-8E74-4AC9E9B9AE21}.Debug|Any CPU.Build.0 = Debug|Any CPU
		{CEFE0F6D-5946-419A-8E74-4AC9E9B9AE21}.Release|Any CPU.ActiveCfg = Release|Any CPU
		{CEFE0F6D-5946-419A-8E74-4AC9E9B9AE21}.Release|Any CPU.Build.0 = Release|Any CPU
		{FFCE6FEC-9541-40CF-B515-6B635E904A36}.Debug|Any CPU.ActiveCfg = Debug|Any CPU
		{FFCE6FEC-9541-40CF-B515-6B635E904A36}.Debug|Any CPU.Build.0 = Debug|Any CPU
		{FFCE6FEC-9541-40CF-B515-6B635E904A36}.Release|Any CPU.ActiveCfg = Release|Any CPU
		{FFCE6FEC-9541-40CF-B515-6B635E904A36}.Release|Any CPU.Build.0 = Release|Any CPU
	EndGlobalSection
	GlobalSection(SolutionProperties) = preSolution
		HideSolutionNode = FALSE
	EndGlobalSection
	GlobalSection(ExtensibilityGlobals) = postSolution
		SolutionGuid = {0671D3E3-7079-4156-9A12-57EF51993E25}
	EndGlobalSection
EndGlobal
