
Microsoft Visual Studio Solution File, Format Version 12.00
# Visual Studio Version 17
VisualStudioVersion = 17.3.32922.545
MinimumVisualStudioVersion = 10.0.40219.1
Project("{FAE04EC0-301F-11D3-BF4B-00C04F79EFBC}") = "EF_MusicProgram", "EF_MusicProgram.csproj", "{9EF1D7FB-9EC9-48B9-B04B-3635A61CEDF7}"
EndProject
Global
	GlobalSection(SolutionConfigurationPlatforms) = preSolution
		Debug|Any CPU = Debug|Any CPU
		Release|Any CPU = Release|Any CPU
	EndGlobalSection
	GlobalSection(ProjectConfigurationPlatforms) = postSolution
		{9EF1D7FB-9EC9-48B9-B04B-3635A61CEDF7}.Debug|Any CPU.ActiveCfg = Debug|Any CPU
		{9EF1D7FB-9EC9-48B9-B04B-3635A61CEDF7}.Debug|Any CPU.Build.0 = Debug|Any CPU
		{9EF1D7FB-9EC9-48B9-B04B-3635A61CEDF7}.Release|Any CPU.ActiveCfg = Release|Any CPU
		{9EF1D7FB-9EC9-48B9-B04B-3635A61CEDF7}.Release|Any CPU.Build.0 = Release|Any CPU
	EndGlobalSection
	GlobalSection(SolutionProperties) = preSolution
		HideSolutionNode = FALSE
	EndGlobalSection
	GlobalSection(ExtensibilityGlobals) = postSolution
		SolutionGuid = {0C4048E4-F139-4C3E-AA59-2C070BDE3340}
	EndGlobalSection
EndGlobal
